# This file is autogenerated, do not edit; changes may be undone by the next 'dep ensure'.


[[projects]]
  name = "github.com/boltdb/bolt"
  packages = ["."]
  revision = "2f1ce7a837dcb8da3ec595b1dac9d0632f0f99e8"
  version = "v1.3.1"

[[projects]]
  name = "github.com/julienschmidt/httprouter"
  packages = ["."]
  revision = "8c199fb6259ffc1af525cc3ad52ee60ba8359669"
  version = "v1.1"

[[projects]]
  branch = "master"
  name = "golang.org/x/sys"
  packages = ["unix"]
  revision = "4b45465282a4624cf39876842a017334f13b8aff"

[solve-meta]
  analyzer-name = "dep"
  analyzer-version = 1
  inputs-digest = "32617917312e5eae653202672f12c27eb44e0a68fb710949aceb9b3b25995283"
  solver-name = "gps-cdcl"
  solver-version = 1
